// !$*UTF8*$!
{
	archiveVersion = 1;
	classes = {
	};
	objectVersion = 46;
	objects = {

/* Begin PBXBuildFile section */
		AC703F531D1C106800DFEBB3 /* main.m in Sources */ = {isa = PBXBuildFile; fileRef = AC703F521D1C106800DFEBB3 /* main.m */; };
		AC703F561D1C106800DFEBB3 /* AppDelegate.m in Sources */ = {isa = PBXBuildFile; fileRef = AC703F551D1C106800DFEBB3 /* AppDelegate.m */; };
		AC703F591D1C106800DFEBB3 /* ViewController.m in Sources */ = {isa = PBXBuildFile; fileRef = AC703F581D1C106800DFEBB3 /* ViewController.m */; };
		AC703F5C1D1C106800DFEBB3 /* Main.storyboard in Resources */ = {isa = PBXBuildFile; fileRef = AC703F5A1D1C106800DFEBB3 /* Main.storyboard */; };
		AC703F5E1D1C106800DFEBB3 /* Assets.xcassets in Resources */ = {isa = PBXBuildFile; fileRef = AC703F5D1D1C106800DFEBB3 /* Assets.xcassets */; };
		AC703F611D1C106800DFEBB3 /* LaunchScreen.storyboard in Resources */ = {isa = PBXBuildFile; fileRef = AC703F5F1D1C106800DFEBB3 /* LaunchScreen.storyboard */; };
		AC703F6E1D1C121500DFEBB3 /* HHCollectionCell.m in Sources */ = {isa = PBXBuildFile; fileRef = AC703F6A1D1C121500DFEBB3 /* HHCollectionCell.m */; };
		AC703F6F1D1C121500DFEBB3 /* HHCollectionCell.xib in Resources */ = {isa = PBXBuildFile; fileRef = AC703F6B1D1C121500DFEBB3 /* HHCollectionCell.xib */; };
		AC703F701D1C121500DFEBB3 /* HHCollectionView.m in Sources */ = {isa = PBXBuildFile; fileRef = AC703F6D1D1C121500DFEBB3 /* HHCollectionView.m */; };
/* End PBXBuildFile section */

/* Begin PBXFileReference section */
		AC703F4E1D1C106800DFEBB3 /* roundsCollection.app */ = {isa = PBXFileReference; explicitFileType = wrapper.application; includeInIndex = 0; path = roundsCollection.app; sourceTree = BUILT_PRODUCTS_DIR; };
		AC703F521D1C106800DFEBB3 /* main.m */ = {isa = PBXFileReference; lastKnownFileType = sourcecode.c.objc; path = main.m; sourceTree = "<group>"; };
		AC703F541D1C106800DFEBB3 /* AppDelegate.h */ = {isa = PBXFileReference; lastKnownFileType = sourcecode.c.h; path = AppDelegate.h; sourceTree = "<group>"; };
		AC703F551D1C106800DFEBB3 /* AppDelegate.m */ = {isa = PBXFileReference; lastKnownFileType = sourcecode.c.objc; path = AppDelegate.m; sourceTree = "<group>"; };
		AC703F571D1C106800DFEBB3 /* ViewController.h */ = {isa = PBXFileReference; lastKnownFileType = sourcecode.c.h; path = ViewController.h; sourceTree = "<group>"; };
		AC703F581D1C106800DFEBB3 /* ViewController.m */ = {isa = PBXFileReference; lastKnownFileType = sourcecode.c.objc; path = ViewController.m; sourceTree = "<group>"; };
		AC703F5B1D1C106800DFEBB3 /* Base */ = {isa = PBXFileReference; lastKnownFileType = file.storyboard; name = Base; path = Base.lproj/Main.storyboard; sourceTree = "<group>"; };
		AC703F5D1D1C106800DFEBB3 /* Assets.xcassets */ = {isa = PBXFileReference; lastKnownFileType = folder.assetcatalog; path = Assets.xcassets; sourceTree = "<group>"; };
		AC703F601D1C106800DFEBB3 /* Base */ = {isa = PBXFileReference; lastKnownFileType = file.storyboard; name = Base; path = Base.lproj/LaunchScreen.storyboard; sourceTree = "<group>"; };
		AC703F621D1C106800DFEBB3 /* Info.plist */ = {isa = PBXFileReference; lastKnownFileType = text.plist.xml; path = Info.plist; sourceTree = "<group>"; };
		AC703F691D1C121500DFEBB3 /* HHCollectionCell.h */ = {isa = PBXFileReference; fileEncoding = 4; lastKnownFileType = sourcecode.c.h; path = HHCollectionCell.h; sourceTree = "<group>"; };
		AC703F6A1D1C121500DFEBB3 /* HHCollectionCell.m */ = {isa = PBXFileReference; fileEncoding = 4; lastKnownFileType = sourcecode.c.objc; path = HHCollectionCell.m; sourceTree = "<group>"; };
		AC703F6B1D1C121500DFEBB3 /* HHCollectionCell.xib */ = {isa = PBXFileReference; fileEncoding = 4; lastKnownFileType = file.xib; path = HHCollectionCell.xib; sourceTree = "<group>"; };
		AC703F6C1D1C121500DFEBB3 /* HHCollectionView.h */ = {isa = PBXFileReference; fileEncoding = 4; lastKnownFileType = sourcecode.c.h; path = HHCollectionView.h; sourceTree = "<group>"; };
		AC703F6D1D1C121500DFEBB3 /* HHCollectionView.m */ = {isa = PBXFileReference; fileEncoding = 4; lastKnownFileType = sourcecode.c.objc; path = HHCollectionView.m; sourceTree = "<group>"; };
/* End PBXFileReference section */

/* Begin PBXFrameworksBuildPhase section */
		AC703F4B1D1C106800DFEBB3 /* Frameworks */ = {
			isa = PBXFrameworksBuildPhase;
			buildActionMask = 2147483647;
			files = (
			);
			runOnlyForDeploymentPostprocessing = 0;
		};
/* End PBXFrameworksBuildPhase section */

/* Begin PBXGroup section */
		AC703F451D1C106800DFEBB3 = {
			isa = PBXGroup;
			children = (
				AC703F501D1C106800DFEBB3 /* roundsCollection */,
				AC703F4F1D1C106800DFEBB3 /* Products */,
			);
			sourceTree = "<group>";
		};
		AC703F4F1D1C106800DFEBB3 /* Products */ = {
			isa = PBXGroup;
			children = (
				AC703F4E1D1C106800DFEBB3 /* roundsCollection.app */,
			);
			name = Products;
			sourceTree = "<group>";
		};
		AC703F501D1C106800DFEBB3 /* roundsCollection */ = {
			isa = PBXGroup;
			children = (
				AC703F541D1C106800DFEBB3 /* AppDelegate.h */,
				AC703F551D1C106800DFEBB3 /* AppDelegate.m */,
				AC703F681D1C121500DFEBB3 /* HHCollectionView */,
				AC703F571D1C106800DFEBB3 /* ViewController.h */,
				AC703F581D1C106800DFEBB3 /* ViewController.m */,
				AC703F5A1D1C106800DFEBB3 /* Main.storyboard */,
				AC703F5D1D1C106800DFEBB3 /* Assets.xcassets */,
				AC703F5F1D1C106800DFEBB3 /* LaunchScreen.storyboard */,
				AC703F621D1C106800DFEBB3 /* Info.plist */,
				AC703F511D1C106800DFEBB3 /* Supporting Files */,
			);
			path = roundsCollection;
			sourceTree = "<group>";
		};
		AC703F511D1C106800DFEBB3 /* Supporting Files */ = {
			isa = PBXGroup;
			children = (
				AC703F521D1C106800DFEBB3 /* main.m */,
			);
			name = "Supporting Files";
			sourceTree = "<group>";
		};
		AC703F681D1C121500DFEBB3 /* HHCollectionView */ = {
			isa = PBXGroup;
			children = (
				AC703F691D1C121500DFEBB3 /* HHCollectionCell.h */,
				AC703F6A1D1C121500DFEBB3 /* HHCollectionCell.m */,
				AC703F6B1D1C121500DFEBB3 /* HHCollectionCell.xib */,
				AC703F6C1D1C121500DFEBB3 /* HHCollectionView.h */,
				AC703F6D1D1C121500DFEBB3 /* HHCollectionView.m */,
			);
			path = HHCollectionView;
			sourceTree = "<group>";
		};
/* End PBXGroup section */

/* Begin PBXNativeTarget section */
		AC703F4D1D1C106800DFEBB3 /* roundsCollection */ = {
			isa = PBXNativeTarget;
			buildConfigurationList = AC703F651D1C106800DFEBB3 /* Build configuration list for PBXNativeTarget "roundsCollection" */;
			buildPhases = (
				AC703F4A1D1C106800DFEBB3 /* Sources */,
				AC703F4B1D1C106800DFEBB3 /* Frameworks */,
				AC703F4C1D1C106800DFEBB3 /* Resources */,
			);
			buildRules = (
			);
			dependencies = (
			);
			name = roundsCollection;
			productName = roundsCollection;
			productReference = AC703F4E1D1C106800DFEBB3 /* roundsCollection.app */;
			productType = "com.apple.product-type.application";
		};
/* End PBXNativeTarget section */

/* Begin PBXProject section */
		AC703F461D1C106800DFEBB3 /* Project object */ = {
			isa = PBXProject;
			attributes = {
				LastUpgradeCheck = 0720;
				ORGANIZATIONNAME = qiufuhe;
				TargetAttributes = {
					AC703F4D1D1C106800DFEBB3 = {
						CreatedOnToolsVersion = 7.2;
						DevelopmentTeam = 9JR2MY4M8V;
					};
				};
			};
			buildConfigurationList = AC703F491D1C106800DFEBB3 /* Build configuration list for PBXProject "roundsCollection" */;
			compatibilityVersion = "Xcode 3.2";
			developmentRegion = English;
			hasScannedForEncodings = 0;
			knownRegions = (
				en,
				Base,
			);
			mainGroup = AC703F451D1C106800DFEBB3;
			productRefGroup = AC703F4F1D1C106800DFEBB3 /* Products */;
			projectDirPath = "";
			projectRoot = "";
			targets = (
				AC703F4D1D1C106800DFEBB3 /* roundsCollection */,
			);
		};
/* End PBXProject section */

/* Begin PBXResourcesBuildPhase section */
		AC703F4C1D1C106800DFEBB3 /* Resources */ = {
			isa = PBXResourcesBuildPhase;
			buildActionMask = 2147483647;
			files = (
				AC703F611D1C106800DFEBB3 /* LaunchScreen.storyboard in Resources */,
				AC703F6F1D1C121500DFEBB3 /* HHCollectionCell.xib in Resources */,
				AC703F5E1D1C106800DFEBB3 /* Assets.xcassets in Resources */,
				AC703F5C1D1C106800DFEBB3 /* Main.storyboard in Resources */,
			);
			runOnlyForDeploymentPostprocessing = 0;
		};
/* End PBXResourcesBuildPhase section */

/* Begin PBXSourcesBuildPhase section */
		AC703F4A1D1C106800DFEBB3 /* Sources */ = {
			isa = PBXSourcesBuildPhase;
			buildActionMask = 2147483647;
			files = (
				AC703F591D1C106800DFEBB3 /* ViewController.m in Sources */,
				AC703F6E1D1C121500DFEBB3 /* HHCollectionCell.m in Sources */,
				AC703F701D1C121500DFEBB3 /* HHCollectionView.m in Sources */,
				AC703F561D1C106800DFEBB3 /* AppDelegate.m in Sources */,
				AC703F531D1C106800DFEBB3 /* main.m in Sources */,
			);
			runOnlyForDeploymentPostprocessing = 0;
		};
/* End PBXSourcesBuildPhase section */

/* Begin PBXVariantGroup section */
		AC703F5A1D1C106800DFEBB3 /* Main.storyboard */ = {
			isa = PBXVariantGroup;
			children = (
				AC703F5B1D1C106800DFEBB3 /* Base */,
			);
			name = Main.storyboard;
			sourceTree = "<group>";
		};
		AC703F5F1D1C106800DFEBB3 /* LaunchScreen.storyboard */ = {
			isa = PBXVariantGroup;
			children = (
				AC703F601D1C106800DFEBB3 /* Base */,
			);
			name = LaunchScreen.storyboard;
			sourceTree = "<group>";
		};
/* End PBXVariantGroup section */

/* Begin XCBuildConfiguration section */
		AC703F631D1C106800DFEBB3 /* Debug */ = {
			isa = XCBuildConfiguration;
			buildSettings = {
				ALWAYS_SEARCH_USER_PATHS = NO;
				CLANG_CXX_LANGUAGE_STANDARD = "gnu++0x";
				CLANG_CXX_LIBRARY = "libc++";
				CLANG_ENABLE_MODULES = YES;
				CLANG_ENABLE_OBJC_ARC = YES;
				CLANG_WARN_BOOL_CONVERSION = YES;
				CLANG_WARN_CONSTANT_CONVERSION = YES;
				CLANG_WARN_DIRECT_OBJC_ISA_USAGE = YES_ERROR;
				CLANG_WARN_EMPTY_BODY = YES;
				CLANG_WARN_ENUM_CONVERSION = YES;
				CLANG_WARN_INT_CONVERSION = YES;
				CLANG_WARN_OBJC_ROOT_CLASS = YES_ERROR;
				CLANG_WARN_UNREACHABLE_CODE = YES;
				CLANG_WARN__DUPLICATE_METHOD_MATCH = YES;
				"CODE_SIGN_IDENTITY[sdk=iphoneos*]" = "iPhone Developer";
				COPY_PHASE_STRIP = NO;
				DEBUG_INFORMATION_FORMAT = dwarf;
				ENABLE_STRICT_OBJC_MSGSEND = YES;
				ENABLE_TESTABILITY = YES;
				GCC_C_LANGUAGE_STANDARD = gnu99;
				GCC_DYNAMIC_NO_PIC = NO;
				GCC_NO_COMMON_BLOCKS = YES;
				GCC_OPTIMIZATION_LEVEL = 0;
				GCC_PREPROCESSOR_DEFINITIONS = (
					"DEBUG=1",
					"$(inherited)",
				);
				GCC_WARN_64_TO_32_BIT_CONVERSION = YES;
				GCC_WARN_ABOUT_RETURN_TYPE = YES_ERROR;
				GCC_WARN_UNDECLARED_SELECTOR = YES;
				GCC_WARN_UNINITIALIZED_AUTOS = YES_AGGRESSIVE;
				GCC_WARN_UNUSED_FUNCTION = YES;
				GCC_WARN_UNUSED_VARIABLE = YES;
				IPHONEOS_DEPLOYMENT_TARGET = 9.2;
				MTL_ENABLE_DEBUG_INFO = YES;
				ONLY_ACTIVE_ARCH = YES;
				SDKROOT = iphoneos;
			};
			name = Debug;
		};
		AC703F641D1C106800DFEBB3 /* Release */ = {
			isa = XCBuildConfiguration;
			buildSettings = {
				ALWAYS_SEARCH_USER_PATHS = NO;
				CLANG_CXX_LANGUAGE_STANDARD = "gnu++0x";
				CLANG_CXX_LIBRARY = "libc++";
				CLANG_ENABLE_MODULES = YES;
				CLANG_ENABLE_OBJC_ARC = YES;
				CLANG_WARN_BOOL_CONVERSION = YES;
				CLANG_WARN_CONSTANT_CONVERSION = YES;
				CLANG_WARN_DIRECT_OBJC_ISA_USAGE = YES_ERROR;
				CLANG_WARN_EMPTY_BODY = YES;
				CLANG_WARN_ENUM_CONVERSION = YES;
				CLANG_WARN_INT_CONVERSION = YES;
				CLANG_WARN_OBJC_ROOT_CLASS = YES_ERROR;
				CLANG_WARN_UNREACHABLE_CODE = YES;
				CLANG_WARN__DUPLICATE_METHOD_MATCH = YES;
				"CODE_SIGN_IDENTITY[sdk=iphoneos*]" = "iPhone Developer";
				COPY_PHASE_STRIP = NO;
				DEBUG_INFORMATION_FORMAT = "dwarf-with-dsym";
				ENABLE_NS_ASSERTIONS = NO;
				ENABLE_STRICT_OBJC_MSGSEND = YES;
				GCC_C_LANGUAGE_STANDARD = gnu99;
				GCC_NO_COMMON_BLOCKS = YES;
				GCC_WARN_64_TO_32_BIT_CONVERSION = YES;
				GCC_WARN_ABOUT_RETURN_TYPE = YES_ERROR;
				GCC_WARN_UNDECLARED_SELECTOR = YES;
				GCC_WARN_UNINITIALIZED_AUTOS = YES_AGGRESSIVE;
				GCC_WARN_UNUSED_FUNCTION = YES;
				GCC_WARN_UNUSED_VARIABLE = YES;
				IPHONEOS_DEPLOYMENT_TARGET = 9.2;
				MTL_ENABLE_DEBUG_INFO = NO;
				SDKROOT = iphoneos;
				VALIDATE_PRODUCT = YES;
			};
			name = Release;
		};
		AC703F661D1C106800DFEBB3 /* Debug */ = {
			isa = XCBuildConfiguration;
			buildSettings = {
				ASSETCATALOG_COMPILER_APPICON_NAME = AppIcon;
				INFOPLIST_FILE = roundsCollection/Info.plist;
				LD_RUNPATH_SEARCH_PATHS = "$(inherited) @executable_path/Frameworks";
				PRODUCT_BUNDLE_IDENTIFIER = cn.baidu.roundsCollection;
				PRODUCT_NAME = "$(TARGET_NAME)";
			};
			name = Debug;
		};
		AC703F671D1C106800DFEBB3 /* Release */ = {
			isa = XCBuildConfiguration;
			buildSettings = {
				ASSETCATALOG_COMPILER_APPICON_NAME = AppIcon;
				INFOPLIST_FILE = roundsCollection/Info.plist;
				LD_RUNPATH_SEARCH_PATHS = "$(inherited) @executable_path/Frameworks";
				PRODUCT_BUNDLE_IDENTIFIER = cn.baidu.roundsCollection;
				PRODUCT_NAME = "$(TARGET_NAME)";
			};
			name = Release;
		};
/* End XCBuildConfiguration section */

/* Begin XCConfigurationList section */
		AC703F491D1C106800DFEBB3 /* Build configuration list for PBXProject "roundsCollection" */ = {
			isa = XCConfigurationList;
			buildConfigurations = (
				AC703F631D1C106800DFEBB3 /* Debug */,
				AC703F641D1C106800DFEBB3 /* Release */,
			);
			defaultConfigurationIsVisible = 0;
			defaultConfigurationName = Release;
		};
		AC703F651D1C106800DFEBB3 /* Build configuration list for PBXNativeTarget "roundsCollection" */ = {
			isa = XCConfigurationList;
			buildConfigurations = (
				AC703F661D1C106800DFEBB3 /* Debug */,
				AC703F671D1C106800DFEBB3 /* Release */,
			);
			defaultConfigurationIsVisible = 0;
		};
/* End XCConfigurationList section */
	};
	rootObject = AC703F461D1C106800DFEBB3 /* Project object */;
}
